{
  "name": "clay-icon",
  "version": "1.0.0",
  "lockfileVersion": 1,
  "requires": true,
  "dependencies": {
    "base64-arraybuffer": {
      "version": "1.0.1",
      "resolved": "https://registry.npmjs.org/base64-arraybuffer/-/base64-arraybuffer-1.0.1.tgz",
      "integrity": "sha512-vFIUq7FdLtjZMhATwDul5RZWv2jpXQ09Pd6jcVEOvIsqCWTRFD/ONHNfyOS8dA/Ippi5dsIgpyKWKZaAKZltbA=="
    },
    "blob-polyfill": {
      "version": "4.0.20200601",
      "resolved": "https://registry.npmjs.org/blob-polyfill/-/blob-polyfill-4.0.20200601.tgz",
      "integrity": "sha1-FkMOnlDWPhIsaqwYsx9fC8jAv5I="
    },
    "bluebird": {
      "version": "3.7.2",
      "resolved": "https://registry.npmjs.org/bluebird/-/bluebird-3.7.2.tgz",
      "integrity": "sha512-XpNj6GDQzdfW+r2Wnn7xiSAd7TM3jzkxGXBGTtWKuSXv1xUV+azxAm8jdWZN06QTQk+2N2XB9jRDkvbmQmcRtg=="
    },
    "pebble-clay": {
      "version": "github:kennedn/clay#ee25087dd85368f818e5b601fa95ca1403dc6594",
      "from": "github:kennedn/clay#hack/Retrieve-item-value-by-Id"
    }
  }
}
